apiVersion: vendir.k14s.io/v1alpha1
directories:
- contents:
  - git:
      commitTitle: 'Merge pull request #54 from cello86/fix/deletedtimestamp...'
      sha: 9083298d83ef9aaf234d3b5d66b5274bbc5f5833
      tags:
      - 0.7.1
    path: gateway-api-state-metrics
  - helmChart:
      appVersion: v1.5.6
      version: 1.5.6
    path: envoy-gateway-addons
  path: vendor
- contents:
  - directory: {}
    path: .
  path: ksm/gateway-api
- contents:
  - directory: {}
    path: .
  path: dashboards/gateway-api/src
kind: LockConfig
